
Microsoft Visual Studio Solution File, Format Version 12.00
# Visual Studio 15
VisualStudioVersion = 15.0.34031.82
MinimumVisualStudioVersion = 10.0.40219.1
Project("{8BC9CEB8-8B4A-11D0-8D11-00A0C91BC942}") = "P23", "P23\P23.vcxproj", "{87695EA8-CA60-4457-B3FC-E9663C5550A7}"
EndProject
Global
	GlobalSection(SolutionConfigurationPlatforms) = preSolution
		Debug|x64 = Debug|x64
		Debug|x86 = Debug|x86
		Release|x64 = Release|x64
		Release|x86 = Release|x86
	EndGlobalSection
	GlobalSection(ProjectConfigurationPlatforms) = postSolution
		{87695EA8-CA60-4457-B3FC-E9663C5550A7}.Debug|x64.ActiveCfg = Debug|x64
		{87695EA8-CA60-4457-B3FC-E9663C5550A7}.Debug|x64.Build.0 = Debug|x64
		{87695EA8-CA60-4457-B3FC-E9663C5550A7}.Debug|x86.ActiveCfg = Debug|Win32
		{87695EA8-CA60-4457-B3FC-E9663C5550A7}.Debug|x86.Build.0 = Debug|Win32
		{87695EA8-CA60-4457-B3FC-E9663C5550A7}.Release|x64.ActiveCfg = Release|x64
		{87695EA8-CA60-4457-B3FC-E9663C5550A7}.Release|x64.Build.0 = Release|x64
		{87695EA8-CA60-4457-B3FC-E9663C5550A7}.Release|x86.ActiveCfg = Release|Win32
		{87695EA8-CA60-4457-B3FC-E9663C5550A7}.Release|x86.Build.0 = Release|Win32
	EndGlobalSection
	GlobalSection(SolutionProperties) = preSolution
		HideSolutionNode = FALSE
	EndGlobalSection
	GlobalSection(ExtensibilityGlobals) = postSolution
		SolutionGuid = {2C1A0C37-9D5C-48E1-9F21-D6993A9D6800}
	EndGlobalSection
EndGlobal
